{
  "sources": {
    "apt": {
      "locked_version": "2.1.1"
    },
    "build-essential": {
      "locked_version": "1.4.2"
    },
    "git": {
      "locked_version": "2.6.0"
    },
    "users": {
      "locked_version": "1.5.2"
    },
    "sudo": {
      "locked_version": "2.2.0"
    },
    "vim": {
      "locked_version": "1.0.2"
    },
    "dmg": {
      "locked_version": "2.0.0"
    },
    "yum": {
      "locked_version": "2.3.2"
    },
    "windows": {
      "locked_version": "1.10.0"
    },
    "chef_handler": {
      "locked_version": "1.1.4"
    },
    "runit": {
      "locked_version": "1.2.0"
    }
  }
}
